// !$*UTF8*$!
{
	archiveVersion = 1;
	classes = {
	};
	objectVersion = 77;
	objects = {

/* Begin PBXBuildFile section */
		6A249A482FAF6E5E00487F18 /* TPPDF in Frameworks */ = {isa = PBXBuildFile; productRef = 6A249A472FAF6E5E00487F18 /* TPPDF */; };
/* End PBXBuildFile section */

/* Begin PBXContainerItemProxy section */
		6A2498EE2FAEDC7000487F18 /* PBXContainerItemProxy */ = {
			isa = PBXContainerItemProxy;
			containerPortal = 6A2498D62FAEDC6F00487F18 /* Project object */;
			proxyType = 1;
			remoteGlobalIDString = 6A2498DD2FAEDC6F00487F18;
			remoteInfo = EduBorrow;
		};
		6A2498F82FAEDC7000487F18 /* PBXContainerItemProxy */ = {
			isa = PBXContainerItemProxy;
			containerPortal = 6A2498D62FAEDC6F00487F18 /* Project object */;
			proxyType = 1;
			remoteGlobalIDString = 6A2498DD2FAEDC6F00487F18;
			remoteInfo = EduBorrow;
		};
/* End PBXContainerItemProxy section */

/* Begin PBXFileReference section */
		6A2498DE2FAEDC6F00487F18 /* EduBorrow.app */ = {isa = PBXFileReference; explicitFileType = wrapper.application; includeInIndex = 0; path = EduBorrow.app; sourceTree = BUILT_PRODUCTS_DIR; };
		6A2498ED2FAEDC7000487F18 /* EduBorrowTests.xctest */ = {isa = PBXFileReference; explicitFileType = wrapper.cfbundle; includeInIndex = 0; path = EduBorrowTests.xctest; sourceTree = BUILT_PRODUCTS_DIR; };
		6A2498F72FAEDC7000487F18 /* EduBorrowUITests.xctest */ = {isa = PBXFileReference; explicitFileType = wrapper.cfbundle; includeInIndex = 0; path = EduBorrowUITests.xctest; sourceTree = BUILT_PRODUCTS_DIR; };
/* End PBXFileReference section */

/* Begin PBXFileSystemSynchronizedRootGroup section */
		6A2498E02FAEDC6F00487F18 /* EduBorrow */ = {
			isa = PBXFileSystemSynchronizedRootGroup;
			path = EduBorrow;
			sourceTree = "<group>";
		};
		6A2498F02FAEDC7000487F18 /* EduBorrowTests */ = {
			isa = PBXFileSystemSynchronizedRootGroup;
			path = EduBorrowTests;
			sourceTree = "<group>";
		};
		6A2498FA2FAEDC7000487F18 /* EduBorrowUITests */ = {
			isa = PBXFileSystemSynchronizedRootGroup;
			path = EduBorrowUITests;
			sourceTree = "<group>";
		};
/* End PBXFileSystemSynchronizedRootGroup section */

/* Begin PBXFrameworksBuildPhase section */
		6A2498DB2FAEDC6F00487F18 /* Frameworks */ = {
			isa = PBXFrameworksBuildPhase;
			buildActionMask = 2147483647;
			files = (
				6A249A482FAF6E5E00487F18 /* TPPDF in Frameworks */,
			);
			runOnlyForDeploymentPostprocessing = 0;
		};
		6A2498EA2FAEDC7000487F18 /* Frameworks */ = {
			isa = PBXFrameworksBuildPhase;
			buildActionMask = 2147483647;
			files = (
			);
			runOnlyForDeploymentPostprocessing = 0;
		};
		6A2498F42FAEDC7000487F18 /* Frameworks */ = {
			isa = PBXFrameworksBuildPhase;
			buildActionMask = 2147483647;
			files = (
			);
			runOnlyForDeploymentPostprocessing = 0;
		};
/* End PBXFrameworksBuildPhase section */

/* Begin PBXGroup section */
		6A2498D52FAEDC6F00487F18 = {
			isa = PBXGroup;
			children = (
				6A2498E02FAEDC6F00487F18 /* EduBorrow */,
				6A2498F02FAEDC7000487F18 /* EduBorrowTests */,
				6A2498FA2FAEDC7000487F18 /* EduBorrowUITests */,
				6A2498DF2FAEDC6F00487F18 /* Products */,
			);
			sourceTree = "<group>";
		};
		6A2498DF2FAEDC6F00487F18 /* Products */ = {
			isa = PBXGroup;
			children = (
				6A2498DE2FAEDC6F00487F18 /* EduBorrow.app */,
				6A2498ED2FAEDC7000487F18 /* EduBorrowTests.xctest */,
				6A2498F72FAEDC7000487F18 /* EduBorrowUITests.xctest */,
			);
			name = Products;
			sourceTree = "<group>";
		};
/* End PBXGroup section */

/* Begin PBXNativeTarget section */
		6A2498DD2FAEDC6F00487F18 /* EduBorrow */ = {
			isa = PBXNativeTarget;
			buildConfigurationList = 6A2499012FAEDC7000487F18 /* Build configuration list for PBXNativeTarget "EduBorrow" */;
			buildPhases = (
				6A2498DA2FAEDC6F00487F18 /* Sources */,
				6A2498DB2FAEDC6F00487F18 /* Frameworks */,
				6A2498DC2FAEDC6F00487F18 /* Resources */,
			);
			buildRules = (
			);
			dependencies = (
			);
			fileSystemSynchronizedGroups = (
				6A2498E02FAEDC6F00487F18 /* EduBorrow */,
			);
			name = EduBorrow;
			packageProductDependencies = (
				6A249A472FAF6E5E00487F18 /* TPPDF */,
			);
			productName = EduBorrow;
			productReference = 6A2498DE2FAEDC6F00487F18 /* EduBorrow.app */;
			productType = "com.apple.product-type.application";
		};
		6A2498EC2FAEDC7000487F18 /* EduBorrowTests */ = {
			isa = PBXNativeTarget;
			buildConfigurationList = 6A2499042FAEDC7000487F18 /* Build configuration list for PBXNativeTarget "EduBorrowTests" */;
			buildPhases = (
				6A2498E92FAEDC7000487F18 /* Sources */,
				6A2498EA2FAEDC7000487F18 /* Frameworks */,
				6A2498EB2FAEDC7000487F18 /* Resources */,
			);
			buildRules = (
			);
			dependencies = (
				6A2498EF2FAEDC7000487F18 /* PBXTargetDependency */,
			);
			fileSystemSynchronizedGroups = (
				6A2498F02FAEDC7000487F18 /* EduBorrowTests */,
			);
			name = EduBorrowTests;
			packageProductDependencies = (
			);
			productName = EduBorrowTests;
			productReference = 6A2498ED2FAEDC7000487F18 /* EduBorrowTests.xctest */;
			productType = "com.apple.product-type.bundle.unit-test";
		};
		6A2498F62FAEDC7000487F18 /* EduBorrowUITests */ = {
			isa = PBXNativeTarget;
			buildConfigurationList = 6A2499072FAEDC7000487F18 /* Build configuration list for PBXNativeTarget "EduBorrowUITests" */;
			buildPhases = (
				6A2498F32FAEDC7000487F18 /* Sources */,
				6A2498F42FAEDC7000487F18 /* Frameworks */,
				6A2498F52FAEDC7000487F18 /* Resources */,
			);
			buildRules = (
			);
			dependencies = (
				6A2498F92FAEDC7000487F18 /* PBXTargetDependency */,
			);
			fileSystemSynchronizedGroups = (
				6A2498FA2FAEDC7000487F18 /* EduBorrowUITests */,
			);
			name = EduBorrowUITests;
			packageProductDependencies = (
			);
			productName = EduBorrowUITests;
			productReference = 6A2498F72FAEDC7000487F18 /* EduBorrowUITests.xctest */;
			productType = "com.apple.product-type.bundle.ui-testing";
		};
/* End PBXNativeTarget section */

/* Begin PBXProject section */
		6A2498D62FAEDC6F00487F18 /* Project object */ = {
			isa = PBXProject;
			attributes = {
				BuildIndependentTargetsInParallel = 1;
				LastSwiftUpdateCheck = 2640;
				LastUpgradeCheck = 2640;
				TargetAttributes = {
					6A2498DD2FAEDC6F00487F18 = {
						CreatedOnToolsVersion = 26.4;
					};
					6A2498EC2FAEDC7000487F18 = {
						CreatedOnToolsVersion = 26.4;
						TestTargetID = 6A2498DD2FAEDC6F00487F18;
					};
					6A2498F62FAEDC7000487F18 = {
						CreatedOnToolsVersion = 26.4;
						TestTargetID = 6A2498DD2FAEDC6F00487F18;
					};
				};
			};
			buildConfigurationList = 6A2498D92FAEDC6F00487F18 /* Build configuration list for PBXProject "EduBorrow" */;
			developmentRegion = en;
			hasScannedForEncodings = 0;
			knownRegions = (
				en,
				Base,
			);
			mainGroup = 6A2498D52FAEDC6F00487F18;
			minimizedProjectReferenceProxies = 1;
			packageReferences = (
				6A249A462FAF6E5E00487F18 /* XCRemoteSwiftPackageReference "TPPDF" */,
			);
			preferredProjectObjectVersion = 77;
			productRefGroup = 6A2498DF2FAEDC6F00487F18 /* Products */;
			projectDirPath = "";
			projectRoot = "";
			targets = (
				6A2498DD2FAEDC6F00487F18 /* EduBorrow */,
				6A2498EC2FAEDC7000487F18 /* EduBorrowTests */,
				6A2498F62FAEDC7000487F18 /* EduBorrowUITests */,
			);
		};
/* End PBXProject section */

/* Begin PBXResourcesBuildPhase section */
		6A2498DC2FAEDC6F00487F18 /* Resources */ = {
			isa = PBXResourcesBuildPhase;
			buildActionMask = 2147483647;
			files = (
			);
			runOnlyForDeploymentPostprocessing = 0;
		};
		6A2498EB2FAEDC7000487F18 /* Resources */ = {
			isa = PBXResourcesBuildPhase;
			buildActionMask = 2147483647;
			files = (
			);
			runOnlyForDeploymentPostprocessing = 0;
		};
		6A2498F52FAEDC7000487F18 /* Resources */ = {
			isa = PBXResourcesBuildPhase;
			buildActionMask = 2147483647;
			files = (
			);
			runOnlyForDeploymentPostprocessing = 0;
		};
/* End PBXResourcesBuildPhase section */

/* Begin PBXSourcesBuildPhase section */
		6A2498DA2FAEDC6F00487F18 /* Sources */ = {
			isa = PBXSourcesBuildPhase;
			buildActionMask = 2147483647;
			files = (
			);
			runOnlyForDeploymentPostprocessing = 0;
		};
		6A2498E92FAEDC7000487F18 /* Sources */ = {
			isa = PBXSourcesBuildPhase;
			buildActionMask = 2147483647;
			files = (
			);
			runOnlyForDeploymentPostprocessing = 0;
		};
		6A2498F32FAEDC7000487F18 /* Sources */ = {
			isa = PBXSourcesBuildPhase;
			buildActionMask = 2147483647;
			files = (
			);
			runOnlyForDeploymentPostprocessing = 0;
		};
/* End PBXSourcesBuildPhase section */

/* Begin PBXTargetDependency section */
		6A2498EF2FAEDC7000487F18 /* PBXTargetDependency */ = {
			isa = PBXTargetDependency;
			target = 6A2498DD2FAEDC6F00487F18 /* EduBorrow */;
			targetProxy = 6A2498EE2FAEDC7000487F18 /* PBXContainerItemProxy */;
		};
		6A2498F92FAEDC7000487F18 /* PBXTargetDependency */ = {
			isa = PBXTargetDependency;
			target = 6A2498DD2FAEDC6F00487F18 /* EduBorrow */;
			targetProxy = 6A2498F82FAEDC7000487F18 /* PBXContainerItemProxy */;
		};
/* End PBXTargetDependency section */

/* Begin XCBuildConfiguration section */
		6A2498FF2FAEDC7000487F18 /* Debug */ = {
			isa = XCBuildConfiguration;
			buildSettings = {
				ALWAYS_SEARCH_USER_PATHS = NO;
				ASSETCATALOG_COMPILER_GENERATE_SWIFT_ASSET_SYMBOL_EXTENSIONS = YES;
				CLANG_ANALYZER_NONNULL = YES;
				CLANG_ANALYZER_NUMBER_OBJECT_CONVERSION = YES_AGGRESSIVE;
				CLANG_CXX_LANGUAGE_STANDARD = "gnu++20";
				CLANG_ENABLE_MODULES = YES;
				CLANG_ENABLE_OBJC_ARC = YES;
				CLANG_ENABLE_OBJC_WEAK = YES;
				CLANG_WARN_BLOCK_CAPTURE_AUTORELEASING = YES;
				CLANG_WARN_BOOL_CONVERSION = YES;
				CLANG_WARN_COMMA = YES;
				CLANG_WARN_CONSTANT_CONVERSION = YES;
				CLANG_WARN_DEPRECATED_OBJC_IMPLEMENTATIONS = YES;
				CLANG_WARN_DIRECT_OBJC_ISA_USAGE = YES_ERROR;
				CLANG_WARN_DOCUMENTATION_COMMENTS = YES;
				CLANG_WARN_EMPTY_BODY = YES;
				CLANG_WARN_ENUM_CONVERSION = YES;
				CLANG_WARN_INFINITE_RECURSION = YES;
				CLANG_WARN_INT_CONVERSION = YES;
				CLANG_WARN_NON_LITERAL_NULL_CONVERSION = YES;
				CLANG_WARN_OBJC_IMPLICIT_RETAIN_SELF = YES;
				CLANG_WARN_OBJC_LITERAL_CONVERSION = YES;
				CLANG_WARN_OBJC_ROOT_CLASS = YES_ERROR;
				CLANG_WARN_QUOTED_INCLUDE_IN_FRAMEWORK_HEADER = YES;
				CLANG_WARN_RANGE_LOOP_ANALYSIS = YES;
				CLANG_WARN_STRICT_PROTOTYPES = YES;
				CLANG_WARN_SUSPICIOUS_MOVE = YES;
				CLANG_WARN_UNGUARDED_AVAILABILITY = YES_AGGRESSIVE;
				CLANG_WARN_UNREACHABLE_CODE = YES;
				CLANG_WARN__DUPLICATE_METHOD_MATCH = YES;
				COPY_PHASE_STRIP = NO;
				DEBUG_INFORMATION_FORMAT = dwarf;
				DEVELOPMENT_TEAM = JKZSVJ42MD;
				ENABLE_STRICT_OBJC_MSGSEND = YES;
				ENABLE_TESTABILITY = YES;
				ENABLE_USER_SCRIPT_SANDBOXING = YES;
				GCC_C_LANGUAGE_STANDARD = gnu17;
				GCC_DYNAMIC_NO_PIC = NO;
				GCC_NO_COMMON_BLOCKS = YES;
				GCC_OPTIMIZATION_LEVEL = 0;
				GCC_PREPROCESSOR_DEFINITIONS = (
					"DEBUG=1",
					"$(inherited)",
				);
				GCC_WARN_64_TO_32_BIT_CONVERSION = YES;
				GCC_WARN_ABOUT_RETURN_TYPE = YES_ERROR;
				GCC_WARN_UNDECLARED_SELECTOR = YES;
				GCC_WARN_UNINITIALIZED_AUTOS = YES_AGGRESSIVE;
				GCC_WARN_UNUSED_FUNCTION = YES;
				GCC_WARN_UNUSED_VARIABLE = YES;
				IPHONEOS_DEPLOYMENT_TARGET = 26.4;
				LOCALIZATION_PREFERS_STRING_CATALOGS = YES;
				MTL_ENABLE_DEBUG_INFO = INCLUDE_SOURCE;
				MTL_FAST_MATH = YES;
				ONLY_ACTIVE_ARCH = YES;
				SDKROOT = iphoneos;
				SWIFT_ACTIVE_COMPILATION_CONDITIONS = "DEBUG $(inherited)";
				SWIFT_OPTIMIZATION_LEVEL = "-Onone";
			};
			name = Debug;
		};
		6A2499002FAEDC7000487F18 /* Release */ = {
			isa = XCBuildConfiguration;
			buildSettings = {
				ALWAYS_SEARCH_USER_PATHS = NO;
				ASSETCATALOG_COMPILER_GENERATE_SWIFT_ASSET_SYMBOL_EXTENSIONS = YES;
				CLANG_ANALYZER_NONNULL = YES;
				CLANG_ANALYZER_NUMBER_OBJECT_CONVERSION = YES_AGGRESSIVE;
				CLANG_CXX_LANGUAGE_STANDARD = "gnu++20";
				CLANG_ENABLE_MODULES = YES;
				CLANG_ENABLE_OBJC_ARC = YES;
				CLANG_ENABLE_OBJC_WEAK = YES;
				CLANG_WARN_BLOCK_CAPTURE_AUTORELEASING = YES;
				CLANG_WARN_BOOL_CONVERSION = YES;
				CLANG_WARN_COMMA = YES;
				CLANG_WARN_CONSTANT_CONVERSION = YES;
				CLANG_WARN_DEPRECATED_OBJC_IMPLEMENTATIONS = YES;
				CLANG_WARN_DIRECT_OBJC_ISA_USAGE = YES_ERROR;
				CLANG_WARN_DOCUMENTATION_COMMENTS = YES;
				CLANG_WARN_EMPTY_BODY = YES;
				CLANG_WARN_ENUM_CONVERSION = YES;
				CLANG_WARN_INFINITE_RECURSION = YES;
				CLANG_WARN_INT_CONVERSION = YES;
				CLANG_WARN_NON_LITERAL_NULL_CONVERSION = YES;
				CLANG_WARN_OBJC_IMPLICIT_RETAIN_SELF = YES;
				CLANG_WARN_OBJC_LITERAL_CONVERSION = YES;
				CLANG_WARN_OBJC_ROOT_CLASS = YES_ERROR;
				CLANG_WARN_QUOTED_INCLUDE_IN_FRAMEWORK_HEADER = YES;
				CLANG_WARN_RANGE_LOOP_ANALYSIS = YES;
				CLANG_WARN_STRICT_PROTOTYPES = YES;
				CLANG_WARN_SUSPICIOUS_MOVE = YES;
				CLANG_WARN_UNGUARDED_AVAILABILITY = YES_AGGRESSIVE;
				CLANG_WARN_UNREACHABLE_CODE = YES;
				CLANG_WARN__DUPLICATE_METHOD_MATCH = YES;
				COPY_PHASE_STRIP = NO;
				DEBUG_INFORMATION_FORMAT = "dwarf-with-dsym";
				DEVELOPMENT_TEAM = JKZSVJ42MD;
				ENABLE_NS_ASSERTIONS = NO;
				ENABLE_STRICT_OBJC_MSGSEND = YES;
				ENABLE_USER_SCRIPT_SANDBOXING = YES;
				GCC_C_LANGUAGE_STANDARD = gnu17;
				GCC_NO_COMMON_BLOCKS = YES;
				GCC_WARN_64_TO_32_BIT_CONVERSION = YES;
				GCC_WARN_ABOUT_RETURN_TYPE = YES_ERROR;
				GCC_WARN_UNDECLARED_SELECTOR = YES;
				GCC_WARN_UNINITIALIZED_AUTOS = YES_AGGRESSIVE;
				GCC_WARN_UNUSED_FUNCTION = YES;
				GCC_WARN_UNUSED_VARIABLE = YES;
				IPHONEOS_DEPLOYMENT_TARGET = 26.4;
				LOCALIZATION_PREFERS_STRING_CATALOGS = YES;
				MTL_ENABLE_DEBUG_INFO = NO;
				MTL_FAST_MATH = YES;
				SDKROOT = iphoneos;
				SWIFT_COMPILATION_MODE = wholemodule;
				VALIDATE_PRODUCT = YES;
			};
			name = Release;
		};
		6A2499022FAEDC7000487F18 /* Debug */ = {
			isa = XCBuildConfiguration;
			buildSettings = {
				ASSETCATALOG_COMPILER_APPICON_NAME = AppIcon;
				ASSETCATALOG_COMPILER_GLOBAL_ACCENT_COLOR_NAME = AccentColor;
				CODE_SIGN_STYLE = Automatic;
				CURRENT_PROJECT_VERSION = 1;
				DEVELOPMENT_TEAM = JKZSVJ42MD;
				ENABLE_PREVIEWS = YES;
				GENERATE_INFOPLIST_FILE = YES;
				INFOPLIST_KEY_UIApplicationSceneManifest_Generation = YES;
				INFOPLIST_KEY_UIApplicationSupportsIndirectInputEvents = YES;
				INFOPLIST_KEY_UILaunchScreen_Generation = YES;
				INFOPLIST_KEY_UISupportedInterfaceOrientations_iPad = "UIInterfaceOrientationPortrait UIInterfaceOrientationPortraitUpsideDown UIInterfaceOrientationLandscapeLeft UIInterfaceOrientationLandscapeRight";
				INFOPLIST_KEY_UISupportedInterfaceOrientations_iPhone = "UIInterfaceOrientationPortrait UIInterfaceOrientationLandscapeLeft UIInterfaceOrientationLandscapeRight";
				LD_RUNPATH_SEARCH_PATHS = (
					"$(inherited)",
					"@executable_path/Frameworks",
				);
				MARKETING_VERSION = 1.0;
				PRODUCT_BUNDLE_IDENTIFIER = Jmiracle.EduBorrow;
				PRODUCT_NAME = "$(TARGET_NAME)";
				STRING_CATALOG_GENERATE_SYMBOLS = YES;
				SWIFT_APPROACHABLE_CONCURRENCY = YES;
				SWIFT_DEFAULT_ACTOR_ISOLATION = MainActor;
				SWIFT_EMIT_LOC_STRINGS = YES;
				SWIFT_UPCOMING_FEATURE_MEMBER_IMPORT_VISIBILITY = YES;
				SWIFT_VERSION = 5.0;
				TARGETED_DEVICE_FAMILY = "1,2";
			};
			name = Debug;
		};
		6A2499032FAEDC7000487F18 /* Release */ = {
			isa = XCBuildConfiguration;
			buildSettings = {
				ASSETCATALOG_COMPILER_APPICON_NAME = AppIcon;
				ASSETCATALOG_COMPILER_GLOBAL_ACCENT_COLOR_NAME = AccentColor;
				CODE_SIGN_STYLE = Automatic;
				CURRENT_PROJECT_VERSION = 1;
				DEVELOPMENT_TEAM = JKZSVJ42MD;
				ENABLE_PREVIEWS = YES;
				GENERATE_INFOPLIST_FILE = YES;
				INFOPLIST_KEY_UIApplicationSceneManifest_Generation = YES;
				INFOPLIST_KEY_UIApplicationSupportsIndirectInputEvents = YES;
				INFOPLIST_KEY_UILaunchScreen_Generation = YES;
				INFOPLIST_KEY_UISupportedInterfaceOrientations_iPad = "UIInterfaceOrientationPortrait UIInterfaceOrientationPortraitUpsideDown UIInterfaceOrientationLandscapeLeft UIInterfaceOrientationLandscapeRight";
				INFOPLIST_KEY_UISupportedInterfaceOrientations_iPhone = "UIInterfaceOrientationPortrait UIInterfaceOrientationLandscapeLeft UIInterfaceOrientationLandscapeRight";
				LD_RUNPATH_SEARCH_PATHS = (
					"$(inherited)",
					"@executable_path/Frameworks",
				);
				MARKETING_VERSION = 1.0;
				PRODUCT_BUNDLE_IDENTIFIER = Jmiracle.EduBorrow;
				PRODUCT_NAME = "$(TARGET_NAME)";
				STRING_CATALOG_GENERATE_SYMBOLS = YES;
				SWIFT_APPROACHABLE_CONCURRENCY = YES;
				SWIFT_DEFAULT_ACTOR_ISOLATION = MainActor;
				SWIFT_EMIT_LOC_STRINGS = YES;
				SWIFT_UPCOMING_FEATURE_MEMBER_IMPORT_VISIBILITY = YES;
				SWIFT_VERSION = 5.0;
				TARGETED_DEVICE_FAMILY = "1,2";
			};
			name = Release;
		};
		6A2499052FAEDC7000487F18 /* Debug */ = {
			isa = XCBuildConfiguration;
			buildSettings = {
				BUNDLE_LOADER = "$(TEST_HOST)";
				CODE_SIGN_STYLE = Automatic;
				CURRENT_PROJECT_VERSION = 1;
				DEVELOPMENT_TEAM = JKZSVJ42MD;
				GENERATE_INFOPLIST_FILE = YES;
				IPHONEOS_DEPLOYMENT_TARGET = 26.4;
				MARKETING_VERSION = 1.0;
				PRODUCT_BUNDLE_IDENTIFIER = Jmiracle.EduBorrowTests;
				PRODUCT_NAME = "$(TARGET_NAME)";
				STRING_CATALOG_GENERATE_SYMBOLS = NO;
				SWIFT_APPROACHABLE_CONCURRENCY = YES;
				SWIFT_EMIT_LOC_STRINGS = NO;
				SWIFT_UPCOMING_FEATURE_MEMBER_IMPORT_VISIBILITY = YES;
				SWIFT_VERSION = 5.0;
				TARGETED_DEVICE_FAMILY = "1,2";
				TEST_HOST = "$(BUILT_PRODUCTS_DIR)/EduBorrow.app/$(BUNDLE_EXECUTABLE_FOLDER_PATH)/EduBorrow";
			};
			name = Debug;
		};
		6A2499062FAEDC7000487F18 /* Release */ = {
			isa = XCBuildConfiguration;
			buildSettings = {
				BUNDLE_LOADER = "$(TEST_HOST)";
				CODE_SIGN_STYLE = Automatic;
				CURRENT_PROJECT_VERSION = 1;
				DEVELOPMENT_TEAM = JKZSVJ42MD;
				GENERATE_INFOPLIST_FILE = YES;
				IPHONEOS_DEPLOYMENT_TARGET = 26.4;
				MARKETING_VERSION = 1.0;
				PRODUCT_BUNDLE_IDENTIFIER = Jmiracle.EduBorrowTests;
				PRODUCT_NAME = "$(TARGET_NAME)";
				STRING_CATALOG_GENERATE_SYMBOLS = NO;
				SWIFT_APPROACHABLE_CONCURRENCY = YES;
				SWIFT_EMIT_LOC_STRINGS = NO;
				SWIFT_UPCOMING_FEATURE_MEMBER_IMPORT_VISIBILITY = YES;
				SWIFT_VERSION = 5.0;
				TARGETED_DEVICE_FAMILY = "1,2";
				TEST_HOST = "$(BUILT_PRODUCTS_DIR)/EduBorrow.app/$(BUNDLE_EXECUTABLE_FOLDER_PATH)/EduBorrow";
			};
			name = Release;
		};
		6A2499082FAEDC7000487F18 /* Debug */ = {
			isa = XCBuildConfiguration;
			buildSettings = {
				CODE_SIGN_STYLE = Automatic;
				CURRENT_PROJECT_VERSION = 1;
				DEVELOPMENT_TEAM = JKZSVJ42MD;
				GENERATE_INFOPLIST_FILE = YES;
				MARKETING_VERSION = 1.0;
				PRODUCT_BUNDLE_IDENTIFIER = Jmiracle.EduBorrowUITests;
				PRODUCT_NAME = "$(TARGET_NAME)";
				STRING_CATALOG_GENERATE_SYMBOLS = NO;
				SWIFT_APPROACHABLE_CONCURRENCY = YES;
				SWIFT_EMIT_LOC_STRINGS = NO;
				SWIFT_UPCOMING_FEATURE_MEMBER_IMPORT_VISIBILITY = YES;
				SWIFT_VERSION = 5.0;
				TARGETED_DEVICE_FAMILY = "1,2";
				TEST_TARGET_NAME = EduBorrow;
			};
			name = Debug;
		};
		6A2499092FAEDC7000487F18 /* Release */ = {
			isa = XCBuildConfiguration;
			buildSettings = {
				CODE_SIGN_STYLE = Automatic;
				CURRENT_PROJECT_VERSION = 1;
				DEVELOPMENT_TEAM = JKZSVJ42MD;
				GENERATE_INFOPLIST_FILE = YES;
				MARKETING_VERSION = 1.0;
				PRODUCT_BUNDLE_IDENTIFIER = Jmiracle.EduBorrowUITests;
				PRODUCT_NAME = "$(TARGET_NAME)";
				STRING_CATALOG_GENERATE_SYMBOLS = NO;
				SWIFT_APPROACHABLE_CONCURRENCY = YES;
				SWIFT_EMIT_LOC_STRINGS = NO;
				SWIFT_UPCOMING_FEATURE_MEMBER_IMPORT_VISIBILITY = YES;
				SWIFT_VERSION = 5.0;
				TARGETED_DEVICE_FAMILY = "1,2";
				TEST_TARGET_NAME = EduBorrow;
			};
			name = Release;
		};
/* End XCBuildConfiguration section */

/* Begin XCConfigurationList section */
		6A2498D92FAEDC6F00487F18 /* Build configuration list for PBXProject "EduBorrow" */ = {
			isa = XCConfigurationList;
			buildConfigurations = (
				6A2498FF2FAEDC7000487F18 /* Debug */,
				6A2499002FAEDC7000487F18 /* Release */,
			);
			defaultConfigurationIsVisible = 0;
			defaultConfigurationName = Release;
		};
		6A2499012FAEDC7000487F18 /* Build configuration list for PBXNativeTarget "EduBorrow" */ = {
			isa = XCConfigurationList;
			buildConfigurations = (
				6A2499022FAEDC7000487F18 /* Debug */,
				6A2499032FAEDC7000487F18 /* Release */,
			);
			defaultConfigurationIsVisible = 0;
			defaultConfigurationName = Release;
		};
		6A2499042FAEDC7000487F18 /* Build configuration list for PBXNativeTarget "EduBorrowTests" */ = {
			isa = XCConfigurationList;
			buildConfigurations = (
				6A2499052FAEDC7000487F18 /* Debug */,
				6A2499062FAEDC7000487F18 /* Release */,
			);
			defaultConfigurationIsVisible = 0;
			defaultConfigurationName = Release;
		};
		6A2499072FAEDC7000487F18 /* Build configuration list for PBXNativeTarget "EduBorrowUITests" */ = {
			isa = XCConfigurationList;
			buildConfigurations = (
				6A2499082FAEDC7000487F18 /* Debug */,
				6A2499092FAEDC7000487F18 /* Release */,
			);
			defaultConfigurationIsVisible = 0;
			defaultConfigurationName = Release;
		};
/* End XCConfigurationList section */

/* Begin XCRemoteSwiftPackageReference section */
		6A249A462FAF6E5E00487F18 /* XCRemoteSwiftPackageReference "TPPDF" */ = {
			isa = XCRemoteSwiftPackageReference;
			repositoryURL = "https://github.com/Techprimate/TPPDF";
			requirement = {
				kind = upToNextMajorVersion;
				minimumVersion = 2.6.1;
			};
		};
/* End XCRemoteSwiftPackageReference section */

/* Begin XCSwiftPackageProductDependency section */
		6A249A472FAF6E5E00487F18 /* TPPDF */ = {
			isa = XCSwiftPackageProductDependency;
			package = 6A249A462FAF6E5E00487F18 /* XCRemoteSwiftPackageReference "TPPDF" */;
			productName = TPPDF;
		};
/* End XCSwiftPackageProductDependency section */
	};
	rootObject = 6A2498D62FAEDC6F00487F18 /* Project object */;
}
